{
  "projects": [
    {
      "projectId": "58GpZjZCWTaJ8AUhpCwt2K",
      "version": "3.26.0",
      "dependencies": {},
      "lang": "ts",
      "fileLocks": [
        {
          "assetId": "58GpZjZCWTaJ8AUhpCwt2K",
          "type": "projectCss",
          "checksum": "fd84921cc10936e6ceb458c2ae01c4bd"
        }
      ],
      "codegenVersion": "0.0.1"
    },
    {
      "projectId": "7nJ7UcFmq9UzB6eXfC5z4a",
      "version": "0.29.0",
      "dependencies": {},
      "lang": "ts",
      "fileLocks": [
        {
          "assetId": "7nJ7UcFmq9UzB6eXfC5z4a",
          "type": "projectCss",
          "checksum": "05587b57f22f0ec8bb54543deb39762e"
        }
      ],
      "codegenVersion": "0.0.1"
    },
    {
      "projectId": "gFbGfKsfgWWLVQeXjUVy2t",
      "version": "latest",
      "dependencies": {
        "7nJ7UcFmq9UzB6eXfC5z4a": "0.29.0",
        "58GpZjZCWTaJ8AUhpCwt2K": "3.26.0"
      },
      "lang": "ts",
      "fileLocks": [
        {
          "type": "globalVariant",
          "assetId": "28FOWaaA-Mku",
          "checksum": "84c96a125abce000d55641ea1d95eb26"
        },
        {
          "assetId": "gFbGfKsfgWWLVQeXjUVy2t",
          "type": "projectCss",
          "checksum": "5b5742f541747b56f48d524b3339e898"
        },
        {
          "type": "renderModule",
          "assetId": "dWM4o_6N8Bmj",
          "checksum": "11637ff6921b8d1da4b98e970e152faa"
        },
        {
          "type": "cssRules",
          "assetId": "dWM4o_6N8Bmj",
          "checksum": "11637ff6921b8d1da4b98e970e152faa"
        },
        {
          "type": "renderModule",
          "assetId": "f0KE0KfGZduY",
          "checksum": "d26690f97c482f9eeaa097eae228d868"
        },
        {
          "type": "cssRules",
          "assetId": "f0KE0KfGZduY",
          "checksum": "d26690f97c482f9eeaa097eae228d868"
        },
        {
          "type": "renderModule",
          "assetId": "rEEkfyyp8HgG",
          "checksum": "2bbc8dc6b43ce5f8026552d65597ebde"
        },
        {
          "type": "cssRules",
          "assetId": "rEEkfyyp8HgG",
          "checksum": "2bbc8dc6b43ce5f8026552d65597ebde"
        },
        {
          "type": "renderModule",
          "assetId": "GXc_9bRrgssa",
          "checksum": "732a9f016e6a802da452cb361754bc47"
        },
        {
          "type": "cssRules",
          "assetId": "GXc_9bRrgssa",
          "checksum": "732a9f016e6a802da452cb361754bc47"
        },
        {
          "type": "renderModule",
          "assetId": "gkYNzQL11n5J",
          "checksum": "3fe37791717c9a6003e8de17ea6d5036"
        },
        {
          "type": "cssRules",
          "assetId": "gkYNzQL11n5J",
          "checksum": "3fe37791717c9a6003e8de17ea6d5036"
        },
        {
          "type": "renderModule",
          "assetId": "T-Y-PLGKezVi",
          "checksum": "86dc8fcba9ecb361eb46aab37b8de217"
        },
        {
          "type": "cssRules",
          "assetId": "T-Y-PLGKezVi",
          "checksum": "86dc8fcba9ecb361eb46aab37b8de217"
        },
        {
          "type": "renderModule",
          "assetId": "Vc-4-mbgPrQ_",
          "checksum": "3a2fce5458b6eaef166c59392577ba0a"
        },
        {
          "type": "cssRules",
          "assetId": "Vc-4-mbgPrQ_",
          "checksum": "3a2fce5458b6eaef166c59392577ba0a"
        },
        {
          "type": "renderModule",
          "assetId": "tzRg2yHbltMM",
          "checksum": "cd61443f8c4f643116bcde8b5b052d1e"
        },
        {
          "type": "cssRules",
          "assetId": "tzRg2yHbltMM",
          "checksum": "cd61443f8c4f643116bcde8b5b052d1e"
        },
        {
          "type": "renderModule",
          "assetId": "d_7fmfIXnxPg",
          "checksum": "46213326de9a351381393d6175d6568e"
        },
        {
          "type": "cssRules",
          "assetId": "d_7fmfIXnxPg",
          "checksum": "46213326de9a351381393d6175d6568e"
        },
        {
          "type": "renderModule",
          "assetId": "6VLHMOMbrWRO",
          "checksum": "f4b0edaf4eb5af643f4007c524cd2708"
        },
        {
          "type": "cssRules",
          "assetId": "6VLHMOMbrWRO",
          "checksum": "f4b0edaf4eb5af643f4007c524cd2708"
        },
        {
          "type": "icon",
          "assetId": "ou8y59s6ZaIY",
          "checksum": "fb5a584f1abc1c49b27c3ab6d46d7828"
        },
        {
          "type": "icon",
          "assetId": "k2XRNITfHRkC",
          "checksum": "8978bb8219c3c8f5a5ce0421eccce94c"
        },
        {
          "type": "icon",
          "assetId": "9HcgjzUcm74f",
          "checksum": "bc5a260044306af6426433b1f4df276a"
        },
        {
          "type": "icon",
          "assetId": "PaQ0wzh_4VLP",
          "checksum": "3e15282fd4308b51bc54064598e4dc4e"
        },
        {
          "type": "icon",
          "assetId": "lkIH1FRs1z1n",
          "checksum": "06b98a5e520d40f00d8996e04a80f682"
        },
        {
          "type": "icon",
          "assetId": "uPubLd39S690",
          "checksum": "1d89c45483b0eca667838ef35a4beab1"
        },
        {
          "type": "icon",
          "assetId": "Lw-R4O_0WFkm",
          "checksum": "189c6dbe843b5e34005fac082188ffc0"
        },
        {
          "type": "icon",
          "assetId": "qJ6eynP_ede0",
          "checksum": "9ab2b4adb4139c4aa3218ae8f37ca97e"
        },
        {
          "type": "icon",
          "assetId": "-Or-9KM2rOnC",
          "checksum": "79bbf9bc35d7153e6300c23e4a802d5d"
        },
        {
          "type": "icon",
          "assetId": "wqb-i8Cz1J6W",
          "checksum": "75fd0deca7d336658625db3a0508a72b"
        },
        {
          "type": "image",
          "assetId": "SVemm_sWa6ec",
          "checksum": "30405a9501a00dd7105544196333b336"
        },
        {
          "type": "image",
          "assetId": "z8Ha1iXFm7aX",
          "checksum": "b1d7054d48f3d05efe3e6865462c1f5f"
        },
        {
          "type": "image",
          "assetId": "KMYMOTjiH66Y",
          "checksum": "fb1dd067970b6382fed6adeb0dcb08f6"
        },
        {
          "type": "image",
          "assetId": "pb30zANHUPV8",
          "checksum": "92f5c0fa3b54e79470254c244ace574c"
        },
        {
          "type": "image",
          "assetId": "dd0CMJm1BI1p",
          "checksum": "09d086ce6778719cbf2f9dce4ea1f794"
        },
        {
          "type": "image",
          "assetId": "_Npq6Z9Ub4XQ",
          "checksum": "f468a636a0453dc393a5f737528c8ff3"
        },
        {
          "type": "image",
          "assetId": "V_tUmgnSbzlD",
          "checksum": "bd52ad40536479793a98187e75a32f04"
        },
        {
          "type": "image",
          "assetId": "h9ZK8B7-DbfL",
          "checksum": "5d2668a41ae0de7478a44f325aa561e8"
        },
        {
          "type": "image",
          "assetId": "_C6rn7nMUQMQ",
          "checksum": "2e94f301110f9099ac74b0802650410e"
        },
        {
          "type": "image",
          "assetId": "7qnvoyFO4_W4",
          "checksum": "47551e8cdeb402a18469035105f6dc45"
        },
        {
          "type": "image",
          "assetId": "YvIaWG8Qjh6i",
          "checksum": "c22276a05d27612d211cad8eb8501a4e"
        },
        {
          "type": "image",
          "assetId": "26ZQXi5WojRS",
          "checksum": "fdfda4e92da47808453dbfcce68d6b22"
        },
        {
          "type": "image",
          "assetId": "pU6axWRda1cw",
          "checksum": "7722888fe1bc407e3689cd997d06873d"
        },
        {
          "type": "image",
          "assetId": "4hFzt-GfM-84",
          "checksum": "82920c6899feb38b4d1d500d47150e4a"
        },
        {
          "type": "image",
          "assetId": "_F1DINQ-whmy",
          "checksum": "ef41efdda86b46133263dfba5477e84b"
        },
        {
          "type": "image",
          "assetId": "QQ85xi-ZkH4y",
          "checksum": "70a2fc050c5c8a0c977e3314c68e09e5"
        },
        {
          "type": "image",
          "assetId": "VIjEmALA1WvU",
          "checksum": "29222cba83ef80c9d820bed2eae9f2d8"
        },
        {
          "type": "image",
          "assetId": "Q9vkJ-IH4yxz",
          "checksum": "6542512048fcfd39615c4dfa86a241e9"
        },
        {
          "type": "image",
          "assetId": "K_nP5bIMpTPH",
          "checksum": "b1cb83b1e7fd6145e56245b8e6216123"
        },
        {
          "type": "image",
          "assetId": "sSSu1B5kJkvH",
          "checksum": "df252a4670273b5b7f8e67985576c867"
        },
        {
          "type": "image",
          "assetId": "ypl35JTnxwrY",
          "checksum": "aaa58cd63de81aeeed0dd3d98744e23d"
        },
        {
          "type": "image",
          "assetId": "JgdQSCV7u7Kh",
          "checksum": "914eda54543c950add419813fca922e8"
        },
        {
          "type": "image",
          "assetId": "mYVhhRs0H2LR",
          "checksum": "6bb7fbf9ca3780a416647ed880bb021c"
        },
        {
          "type": "image",
          "assetId": "lwUpPPbAsB9P",
          "checksum": "a179b827fd4b93b2681721beb19f8dc8"
        },
        {
          "type": "image",
          "assetId": "c8vSYaG06gw8",
          "checksum": "974a2bc275c7e29c9303fb156a704d1f"
        },
        {
          "type": "image",
          "assetId": "sw9qET81ZCH5",
          "checksum": "926613f2dc4eb80f274bbcaf1e25aff1"
        },
        {
          "type": "image",
          "assetId": "7w-ZR9EUOajW",
          "checksum": "2fd45771a378353a42eb595543bf65dd"
        },
        {
          "type": "image",
          "assetId": "PBTRRxZC78n2",
          "checksum": "39d7c800798f71f3327e91c0ece2198a"
        },
        {
          "type": "image",
          "assetId": "eNsBHvGPdv8r",
          "checksum": "976d01d9b7f2fa0dd55f04190bc2d6fc"
        },
        {
          "type": "image",
          "assetId": "EcXaMlu_-V0I",
          "checksum": "875bf582c6f820bcf45a615cf3f476a7"
        },
        {
          "type": "image",
          "assetId": "DDOfKVU5iSWm",
          "checksum": "d51ce18f0342f48914bbbe9cb380d3c4"
        },
        {
          "type": "image",
          "assetId": "rbhWK_rezIjq",
          "checksum": "19d8779ba91eeeb01cd8f65e33eca5c8"
        },
        {
          "type": "image",
          "assetId": "G2rC39ojWzAU",
          "checksum": "65eb87ea0a27a63443f838980f4f17fe"
        },
        {
          "type": "image",
          "assetId": "wcTquRQWh9h8",
          "checksum": "e5e708b1017ae41e9f8fddf12a3dbf61"
        },
        {
          "type": "image",
          "assetId": "-IQYNlsYfDvW",
          "checksum": "fa187d4b3295f1aa1506974b18132322"
        },
        {
          "type": "image",
          "assetId": "2AzjtPX-_EI3",
          "checksum": "ac5fe1af3bdd3773eacc4379e3b2bb7e"
        },
        {
          "type": "image",
          "assetId": "YWox6NpYMd1K",
          "checksum": "48ba6278e5bfc74e44feb1dc85bd5a95"
        },
        {
          "type": "image",
          "assetId": "59kBlVjprBJ_",
          "checksum": "5a988cb7746e40d70aea852a173e287a"
        },
        {
          "type": "image",
          "assetId": "NIfenJyPZmEN",
          "checksum": "eac9b6e18cb385864b34b99caf50dccb"
        },
        {
          "type": "image",
          "assetId": "uMpRluY2tkxu",
          "checksum": "0695c8c8d800f5a609aff4c58bb8a73f"
        },
        {
          "type": "image",
          "assetId": "LnEt9-zVhpZb",
          "checksum": "6086db22466f5da191c19a7e5e9fca2a"
        },
        {
          "type": "image",
          "assetId": "8hpUVmXvEvEB",
          "checksum": "02e7760b834fc65ade84a4109eaa569c"
        },
        {
          "type": "image",
          "assetId": "G1fSOHSMA1Eh",
          "checksum": "b455ab2b214df1f337824a8578ed0dad"
        },
        {
          "type": "image",
          "assetId": "nxcSlnlWb5PQ",
          "checksum": "41ef83512b3215a4e3c01f5f15ed25e7"
        }
      ],
      "codegenVersion": "0.0.1"
    }
  ],
  "cliVersion": "0.1.331"
}
